
Microsoft Visual Studio Solution File, Format Version 12.00
# Visual Studio 14
VisualStudioVersion = 14.0.25420.1
MinimumVisualStudioVersion = 10.0.40219.1
Project("{FAE04EC0-301F-11D3-BF4B-00C04F79EFBC}") = "GnuClay.CommonUtils", "GnuClay.CommonUtils\GnuClay.CommonUtils.csproj", "{C7E73B0F-E4DF-4666-82D4-C0B311FCDD4D}"
EndProject
Project("{2150E333-8FDC-42A3-9474-1A3956D46DE8}") = "Tests", "Tests", "{145C017E-5C9B-4DD0-9528-E968C43D7119}"
EndProject
Project("{FAE04EC0-301F-11D3-BF4B-00C04F79EFBC}") = "TSTConsoleWorkBench", "TSTConsoleWorkBench\TSTConsoleWorkBench.csproj", "{1BE2F238-A6B5-4F4C-8CCA-06AFB5CFC4C5}"
EndProject
Project("{FAE04EC0-301F-11D3-BF4B-00C04F79EFBC}") = "GnuClay.Engine", "GnuClay.Engine\GnuClay.Engine.csproj", "{85DA149A-3309-415A-9815-CB4227C10B1C}"
EndProject
Project("{FAE04EC0-301F-11D3-BF4B-00C04F79EFBC}") = "GnuClay.ConsoleTalk", "GnuClay.ConsoleTalk\GnuClay.ConsoleTalk.csproj", "{50BB77B4-5604-4FA0-960F-0F66782D46B6}"
EndProject
Project("{FAE04EC0-301F-11D3-BF4B-00C04F79EFBC}") = "GnuClay.LocalHost", "GnuClay.LocalHost\GnuClay.LocalHost.csproj", "{AD8AD01B-3DB7-4002-AA2F-047B7F7C85EA}"
EndProject
Project("{FAE04EC0-301F-11D3-BF4B-00C04F79EFBC}") = "GnuClay.CommonClientTypes", "GnuClay.CommonClientTypes\GnuClay.CommonClientTypes.csproj", "{3976AFF6-9FDE-4CF1-9BAE-2ECCDC652AFE}"
EndProject
Project("{2150E333-8FDC-42A3-9474-1A3956D46DE8}") = "Supports", "Supports", "{351F14CE-CF6F-4F39-93ED-03667D49EB92}"
EndProject
Project("{FAE04EC0-301F-11D3-BF4B-00C04F79EFBC}") = "NPackageCreator", "NPackageCreator\NPackageCreator.csproj", "{29B30B38-C22D-4317-9FDD-C0EDAA4F02D3}"
EndProject
Project("{FAE04EC0-301F-11D3-BF4B-00C04F79EFBC}") = "GnuClay.UnitTests", "GnuClay.UnitTests\GnuClay.UnitTests.csproj", "{268DB336-B226-45F8-BD5B-A4117B02948C}"
EndProject
Global
	GlobalSection(SolutionConfigurationPlatforms) = preSolution
		Debug|Any CPU = Debug|Any CPU
		Release|Any CPU = Release|Any CPU
	EndGlobalSection
	GlobalSection(ProjectConfigurationPlatforms) = postSolution
		{C7E73B0F-E4DF-4666-82D4-C0B311FCDD4D}.Debug|Any CPU.ActiveCfg = Debug|Any CPU
		{C7E73B0F-E4DF-4666-82D4-C0B311FCDD4D}.Debug|Any CPU.Build.0 = Debug|Any CPU
		{C7E73B0F-E4DF-4666-82D4-C0B311FCDD4D}.Release|Any CPU.ActiveCfg = Release|Any CPU
		{C7E73B0F-E4DF-4666-82D4-C0B311FCDD4D}.Release|Any CPU.Build.0 = Release|Any CPU
		{1BE2F238-A6B5-4F4C-8CCA-06AFB5CFC4C5}.Debug|Any CPU.ActiveCfg = Debug|Any CPU
		{1BE2F238-A6B5-4F4C-8CCA-06AFB5CFC4C5}.Debug|Any CPU.Build.0 = Debug|Any CPU
		{1BE2F238-A6B5-4F4C-8CCA-06AFB5CFC4C5}.Release|Any CPU.ActiveCfg = Release|Any CPU
		{1BE2F238-A6B5-4F4C-8CCA-06AFB5CFC4C5}.Release|Any CPU.Build.0 = Release|Any CPU
		{85DA149A-3309-415A-9815-CB4227C10B1C}.Debug|Any CPU.ActiveCfg = Debug|Any CPU
		{85DA149A-3309-415A-9815-CB4227C10B1C}.Debug|Any CPU.Build.0 = Debug|Any CPU
		{85DA149A-3309-415A-9815-CB4227C10B1C}.Release|Any CPU.ActiveCfg = Release|Any CPU
		{85DA149A-3309-415A-9815-CB4227C10B1C}.Release|Any CPU.Build.0 = Release|Any CPU
		{50BB77B4-5604-4FA0-960F-0F66782D46B6}.Debug|Any CPU.ActiveCfg = Debug|Any CPU
		{50BB77B4-5604-4FA0-960F-0F66782D46B6}.Debug|Any CPU.Build.0 = Debug|Any CPU
		{50BB77B4-5604-4FA0-960F-0F66782D46B6}.Release|Any CPU.ActiveCfg = Release|Any CPU
		{50BB77B4-5604-4FA0-960F-0F66782D46B6}.Release|Any CPU.Build.0 = Release|Any CPU
		{AD8AD01B-3DB7-4002-AA2F-047B7F7C85EA}.Debug|Any CPU.ActiveCfg = Debug|Any CPU
		{AD8AD01B-3DB7-4002-AA2F-047B7F7C85EA}.Debug|Any CPU.Build.0 = Debug|Any CPU
		{AD8AD01B-3DB7-4002-AA2F-047B7F7C85EA}.Release|Any CPU.ActiveCfg = Release|Any CPU
		{AD8AD01B-3DB7-4002-AA2F-047B7F7C85EA}.Release|Any CPU.Build.0 = Release|Any CPU
		{3976AFF6-9FDE-4CF1-9BAE-2ECCDC652AFE}.Debug|Any CPU.ActiveCfg = Debug|Any CPU
		{3976AFF6-9FDE-4CF1-9BAE-2ECCDC652AFE}.Debug|Any CPU.Build.0 = Debug|Any CPU
		{3976AFF6-9FDE-4CF1-9BAE-2ECCDC652AFE}.Release|Any CPU.ActiveCfg = Release|Any CPU
		{3976AFF6-9FDE-4CF1-9BAE-2ECCDC652AFE}.Release|Any CPU.Build.0 = Release|Any CPU
		{29B30B38-C22D-4317-9FDD-C0EDAA4F02D3}.Debug|Any CPU.ActiveCfg = Debug|Any CPU
		{29B30B38-C22D-4317-9FDD-C0EDAA4F02D3}.Debug|Any CPU.Build.0 = Debug|Any CPU
		{29B30B38-C22D-4317-9FDD-C0EDAA4F02D3}.Release|Any CPU.ActiveCfg = Release|Any CPU
		{29B30B38-C22D-4317-9FDD-C0EDAA4F02D3}.Release|Any CPU.Build.0 = Release|Any CPU
		{268DB336-B226-45F8-BD5B-A4117B02948C}.Debug|Any CPU.ActiveCfg = Debug|Any CPU
		{268DB336-B226-45F8-BD5B-A4117B02948C}.Debug|Any CPU.Build.0 = Debug|Any CPU
		{268DB336-B226-45F8-BD5B-A4117B02948C}.Release|Any CPU.ActiveCfg = Release|Any CPU
		{268DB336-B226-45F8-BD5B-A4117B02948C}.Release|Any CPU.Build.0 = Release|Any CPU
	EndGlobalSection
	GlobalSection(SolutionProperties) = preSolution
		HideSolutionNode = FALSE
	EndGlobalSection
	GlobalSection(NestedProjects) = preSolution
		{29B30B38-C22D-4317-9FDD-C0EDAA4F02D3} = {351F14CE-CF6F-4F39-93ED-03667D49EB92}
		{268DB336-B226-45F8-BD5B-A4117B02948C} = {145C017E-5C9B-4DD0-9528-E968C43D7119}
	EndGlobalSection
EndGlobal
