
Microsoft Visual Studio Solution File, Format Version 12.00
# Visual Studio 15
VisualStudioVersion = 15.0.26430.16
MinimumVisualStudioVersion = 10.0.40219.1
Project("{2150E333-8FDC-42A3-9474-1A3956D46DE8}") = "Tests", "Tests", "{145C017E-5C9B-4DD0-9528-E968C43D7119}"
EndProject
Project("{FAE04EC0-301F-11D3-BF4B-00C04F79EFBC}") = "GnuClay.Engine", "GnuClay.Engine\GnuClay.Engine.csproj", "{85DA149A-3309-415A-9815-CB4227C10B1C}"
EndProject
Project("{2150E333-8FDC-42A3-9474-1A3956D46DE8}") = "Solution Items", "Solution Items", "{50A9666D-BD90-4E14-BDB2-B51050580968}"
	ProjectSection(SolutionItems) = preProject
		nuget-packages.json = nuget-packages.json
	EndProjectSection
EndProject
Global
	GlobalSection(SolutionConfigurationPlatforms) = preSolution
		Debug|Any CPU = Debug|Any CPU
		Release|Any CPU = Release|Any CPU
	EndGlobalSection
	GlobalSection(ProjectConfigurationPlatforms) = postSolution
		{85DA149A-3309-415A-9815-CB4227C10B1C}.Debug|Any CPU.ActiveCfg = Debug|Any CPU
		{85DA149A-3309-415A-9815-CB4227C10B1C}.Debug|Any CPU.Build.0 = Debug|Any CPU
		{85DA149A-3309-415A-9815-CB4227C10B1C}.Release|Any CPU.ActiveCfg = Release|Any CPU
		{85DA149A-3309-415A-9815-CB4227C10B1C}.Release|Any CPU.Build.0 = Release|Any CPU
	EndGlobalSection
	GlobalSection(SolutionProperties) = preSolution
		HideSolutionNode = FALSE
	EndGlobalSection
	GlobalSection(ExtensibilityGlobals) = postSolution
		SolutionGuid = {DF6FE96B-59A4-47FB-B6C5-88FAB3F8E998}
	EndGlobalSection
EndGlobal
